
Microsoft Visual Studio Solution File, Format Version 12.00
# Visual Studio 15
VisualStudioVersion = 15.0.28307.902
MinimumVisualStudioVersion = 10.0.40219.1
Project("{FAE04EC0-301F-11D3-BF4B-00C04F79EFBC}") = "CapaPresentacion", "CapaPresentacion\CapaPresentacion.csproj", "{770A8FBC-BE97-4592-B1B0-BB0DB6185F1F}"
EndProject
Global
	GlobalSection(SolutionConfigurationPlatforms) = preSolution
		Debug|Any CPU = Debug|Any CPU
		Release|Any CPU = Release|Any CPU
	EndGlobalSection
	GlobalSection(ProjectConfigurationPlatforms) = postSolution
		{770A8FBC-BE97-4592-B1B0-BB0DB6185F1F}.Debug|Any CPU.ActiveCfg = Debug|Any CPU
		{770A8FBC-BE97-4592-B1B0-BB0DB6185F1F}.Debug|Any CPU.Build.0 = Debug|Any CPU
		{770A8FBC-BE97-4592-B1B0-BB0DB6185F1F}.Release|Any CPU.ActiveCfg = Release|Any CPU
		{770A8FBC-BE97-4592-B1B0-BB0DB6185F1F}.Release|Any CPU.Build.0 = Release|Any CPU
	EndGlobalSection
	GlobalSection(SolutionProperties) = preSolution
		HideSolutionNode = FALSE
	EndGlobalSection
	GlobalSection(ExtensibilityGlobals) = postSolution
		SolutionGuid = {2F53F027-3C11-4975-8227-3E6BAF3034F3}
	EndGlobalSection
EndGlobal
